{
  "name": "backend",
  "lockfileVersion": 3,
  "requires": true,
  "packages": {
    "": {
      "dependencies": {
        "react-toast": "^1.0.3",
        "react-toaster": "^0.0.3"
      }
    },
    "node_modules/react": {
      "version": "19.2.8",
      "resolved": "https://registry.npmjs.org/react/-/react-19.2.8.tgz",
      "integrity": "sha512-PWaYA1L/q9u2u7xYQi+Y3L3Yfnie7XyLeaJICV1MGD6LprsBxcAqGjYyr0eY3p+QdsA+x/Irkt4Qif8D63+Sbw==",
      "license": "MIT",
      "peer": true,
      "engines": {
        "node": ">=0.10.0"
      }
    },
    "node_modules/react-toast": {
      "version": "1.0.3",
      "resolved": "https://registry.npmjs.org/react-toast/-/react-toast-1.0.3.tgz",
      "integrity": "sha512-gL3+O5hlLaoBmd36oXWKrjFeUyLCMQ04AIh48LrnUvdeg2vhJQ0E803TgVemgJvYUXKlutMVn9+/QS2DDnk26Q==",
      "license": "MIT",
      "peerDependencies": {
        "react": ">=16"
      }
    },
    "node_modules/react-toaster": {
      "version": "0.0.3",
      "resolved": "https://registry.npmjs.org/react-toaster/-/react-toaster-0.0.3.tgz",
      "integrity": "sha512-PiRQkg5Vco9zrzpbqKp/iAH9aDKUbPjcTpv4iUePjsy0yzgMp/6u+iWh8Q7nyUSS6Ir6nz9qCASpR3e6Nda5Bw=="
    }
  }
}
